
Microsoft Visual Studio Solution File, Format Version 12.00
# Visual Studio Version 16
VisualStudioVersion = 16.0.30011.22
MinimumVisualStudioVersion = 10.0.40219.1
Project("{9A19103F-16F7-4668-BE54-9A1E7A4F7556}") = "CodeContracts", "CodeContracts\CodeContracts.csproj", "{C6EE17D0-A2F8-4CDA-96ED-9B888B9E92BD}"
EndProject
Project("{9A19103F-16F7-4668-BE54-9A1E7A4F7556}") = "CodeRunner", "CodeRunner\CodeRunner.csproj", "{36501E55-17AD-426B-8FFB-62523D08019F}"
EndProject
Project("{FAE04EC0-301F-11D3-BF4B-00C04F79EFBC}") = "CodeRunnerTests", "CodeRunnerTests\CodeRunnerTests.csproj", "{ABD9FEA2-B798-4CDB-8343-C6D86E560B85}"
EndProject
Global
	GlobalSection(SolutionConfigurationPlatforms) = preSolution
		Debug|Any CPU = Debug|Any CPU
		Release|Any CPU = Release|Any CPU
	EndGlobalSection
	GlobalSection(ProjectConfigurationPlatforms) = postSolution
		{C6EE17D0-A2F8-4CDA-96ED-9B888B9E92BD}.Debug|Any CPU.ActiveCfg = Debug|Any CPU
		{C6EE17D0-A2F8-4CDA-96ED-9B888B9E92BD}.Debug|Any CPU.Build.0 = Debug|Any CPU
		{C6EE17D0-A2F8-4CDA-96ED-9B888B9E92BD}.Release|Any CPU.ActiveCfg = Release|Any CPU
		{C6EE17D0-A2F8-4CDA-96ED-9B888B9E92BD}.Release|Any CPU.Build.0 = Release|Any CPU
		{36501E55-17AD-426B-8FFB-62523D08019F}.Debug|Any CPU.ActiveCfg = Debug|Any CPU
		{36501E55-17AD-426B-8FFB-62523D08019F}.Debug|Any CPU.Build.0 = Debug|Any CPU
		{36501E55-17AD-426B-8FFB-62523D08019F}.Release|Any CPU.ActiveCfg = Release|Any CPU
		{36501E55-17AD-426B-8FFB-62523D08019F}.Release|Any CPU.Build.0 = Release|Any CPU
		{ABD9FEA2-B798-4CDB-8343-C6D86E560B85}.Debug|Any CPU.ActiveCfg = Debug|Any CPU
		{ABD9FEA2-B798-4CDB-8343-C6D86E560B85}.Debug|Any CPU.Build.0 = Debug|Any CPU
		{ABD9FEA2-B798-4CDB-8343-C6D86E560B85}.Release|Any CPU.ActiveCfg = Release|Any CPU
		{ABD9FEA2-B798-4CDB-8343-C6D86E560B85}.Release|Any CPU.Build.0 = Release|Any CPU
	EndGlobalSection
	GlobalSection(SolutionProperties) = preSolution
		HideSolutionNode = FALSE
	EndGlobalSection
	GlobalSection(ExtensibilityGlobals) = postSolution
		SolutionGuid = {0E8C7189-BAE4-42BE-96C8-A02795A0955D}
	EndGlobalSection
EndGlobal
